// !$*UTF8*$!
{
	archiveVersion = 1;
	classes = {
	};
	objectVersion = 46;
	objects = {

/* Begin PBXBuildFile section */
		1E331612EED2407624E4D384 /* Pods_GamePortal.framework in Frameworks */ = {isa = PBXBuildFile; fileRef = C9335ACB42D5D2AF44A15A74 /* Pods_GamePortal.framework */; };
		2949FFCF299CAB2218606C14 /* Pods_GamePortalUITests.framework in Frameworks */ = {isa = PBXBuildFile; fileRef = 578752C207AC710B8C09EE6B /* Pods_GamePortalUITests.framework */; };
		CAFE3D3E1E7DB36B0066F527 /* main.m in Sources */ = {isa = PBXBuildFile; fileRef = CAFE3D3D1E7DB36B0066F527 /* main.m */; };
		CAFE3D411E7DB36B0066F527 /* AppDelegate.m in Sources */ = {isa = PBXBuildFile; fileRef = CAFE3D401E7DB36B0066F527 /* AppDelegate.m */; };
		CAFE3D441E7DB36B0066F527 /* ViewController.m in Sources */ = {isa = PBXBuildFile; fileRef = CAFE3D431E7DB36B0066F527 /* ViewController.m */; };
		CAFE3D471E7DB36B0066F527 /* Main.storyboard in Resources */ = {isa = PBXBuildFile; fileRef = CAFE3D451E7DB36B0066F527 /* Main.storyboard */; };
		CAFE3D491E7DB36B0066F527 /* Assets.xcassets in Resources */ = {isa = PBXBuildFile; fileRef = CAFE3D481E7DB36B0066F527 /* Assets.xcassets */; };
		CAFE3D4C1E7DB36B0066F527 /* LaunchScreen.storyboard in Resources */ = {isa = PBXBuildFile; fileRef = CAFE3D4A1E7DB36B0066F527 /* LaunchScreen.storyboard */; };
		CAFE3D571E7DB36B0066F527 /* GamePortalTests.m in Sources */ = {isa = PBXBuildFile; fileRef = CAFE3D561E7DB36B0066F527 /* GamePortalTests.m */; };
		CAFE3D621E7DB36B0066F527 /* GamePortalUITests.m in Sources */ = {isa = PBXBuildFile; fileRef = CAFE3D611E7DB36B0066F527 /* GamePortalUITests.m */; };
		CAFE3D711E7DC2DF0066F527 /* GameViewController.m in Sources */ = {isa = PBXBuildFile; fileRef = CAFE3D701E7DC2DF0066F527 /* GameViewController.m */; };
		D3B7464629CE67F5A6980FD7 /* Pods_GamePortalTests.framework in Frameworks */ = {isa = PBXBuildFile; fileRef = 58FCD7881248E9C9C9DC1D6C /* Pods_GamePortalTests.framework */; };
/* End PBXBuildFile section */

/* Begin PBXContainerItemProxy section */
		CAFE3D531E7DB36B0066F527 /* PBXContainerItemProxy */ = {
			isa = PBXContainerItemProxy;
			containerPortal = CAFE3D311E7DB36B0066F527 /* Project object */;
			proxyType = 1;
			remoteGlobalIDString = CAFE3D381E7DB36B0066F527;
			remoteInfo = GamePortal;
		};
		CAFE3D5E1E7DB36B0066F527 /* PBXContainerItemProxy */ = {
			isa = PBXContainerItemProxy;
			containerPortal = CAFE3D311E7DB36B0066F527 /* Project object */;
			proxyType = 1;
			remoteGlobalIDString = CAFE3D381E7DB36B0066F527;
			remoteInfo = GamePortal;
		};
/* End PBXContainerItemProxy section */

/* Begin PBXFileReference section */
		1F8ED2B8EB815F59BA6401A1 /* Pods-GamePortalUITests.release.xcconfig */ = {isa = PBXFileReference; includeInIndex = 1; lastKnownFileType = text.xcconfig; name = "Pods-GamePortalUITests.release.xcconfig"; path = "Pods/Target Support Files/Pods-GamePortalUITests/Pods-GamePortalUITests.release.xcconfig"; sourceTree = "<group>"; };
		207C42985390D1FB5AEB9A39 /* Pods-GamePortalTests.debug.xcconfig */ = {isa = PBXFileReference; includeInIndex = 1; lastKnownFileType = text.xcconfig; name = "Pods-GamePortalTests.debug.xcconfig"; path = "Pods/Target Support Files/Pods-GamePortalTests/Pods-GamePortalTests.debug.xcconfig"; sourceTree = "<group>"; };
		3B196087158554F1E101DE79 /* Pods-GamePortal.release.xcconfig */ = {isa = PBXFileReference; includeInIndex = 1; lastKnownFileType = text.xcconfig; name = "Pods-GamePortal.release.xcconfig"; path = "Pods/Target Support Files/Pods-GamePortal/Pods-GamePortal.release.xcconfig"; sourceTree = "<group>"; };
		486AC970C7A953CEECDA81AC /* Pods-GamePortalUITests.debug.xcconfig */ = {isa = PBXFileReference; includeInIndex = 1; lastKnownFileType = text.xcconfig; name = "Pods-GamePortalUITests.debug.xcconfig"; path = "Pods/Target Support Files/Pods-GamePortalUITests/Pods-GamePortalUITests.debug.xcconfig"; sourceTree = "<group>"; };
		578752C207AC710B8C09EE6B /* Pods_GamePortalUITests.framework */ = {isa = PBXFileReference; explicitFileType = wrapper.framework; includeInIndex = 0; path = Pods_GamePortalUITests.framework; sourceTree = BUILT_PRODUCTS_DIR; };
		58FCD7881248E9C9C9DC1D6C /* Pods_GamePortalTests.framework */ = {isa = PBXFileReference; explicitFileType = wrapper.framework; includeInIndex = 0; path = Pods_GamePortalTests.framework; sourceTree = BUILT_PRODUCTS_DIR; };
		773F868CC633FDC5FA065F8E /* Pods-GamePortalTests.release.xcconfig */ = {isa = PBXFileReference; includeInIndex = 1; lastKnownFileType = text.xcconfig; name = "Pods-GamePortalTests.release.xcconfig"; path = "Pods/Target Support Files/Pods-GamePortalTests/Pods-GamePortalTests.release.xcconfig"; sourceTree = "<group>"; };
		B6B5E691B81D1349BACBB4ED /* Pods-GamePortal.debug.xcconfig */ = {isa = PBXFileReference; includeInIndex = 1; lastKnownFileType = text.xcconfig; name = "Pods-GamePortal.debug.xcconfig"; path = "Pods/Target Support Files/Pods-GamePortal/Pods-GamePortal.debug.xcconfig"; sourceTree = "<group>"; };
		C9335ACB42D5D2AF44A15A74 /* Pods_GamePortal.framework */ = {isa = PBXFileReference; explicitFileType = wrapper.framework; includeInIndex = 0; path = Pods_GamePortal.framework; sourceTree = BUILT_PRODUCTS_DIR; };
		CAFE3D391E7DB36B0066F527 /* GamePortal.app */ = {isa = PBXFileReference; explicitFileType = wrapper.application; includeInIndex = 0; path = GamePortal.app; sourceTree = BUILT_PRODUCTS_DIR; };
		CAFE3D3D1E7DB36B0066F527 /* main.m */ = {isa = PBXFileReference; lastKnownFileType = sourcecode.c.objc; path = main.m; sourceTree = "<group>"; };
		CAFE3D3F1E7DB36B0066F527 /* AppDelegate.h */ = {isa = PBXFileReference; lastKnownFileType = sourcecode.c.h; path = AppDelegate.h; sourceTree = "<group>"; };
		CAFE3D401E7DB36B0066F527 /* AppDelegate.m */ = {isa = PBXFileReference; lastKnownFileType = sourcecode.c.objc; path = AppDelegate.m; sourceTree = "<group>"; };
		CAFE3D421E7DB36B0066F527 /* ViewController.h */ = {isa = PBXFileReference; lastKnownFileType = sourcecode.c.h; path = ViewController.h; sourceTree = "<group>"; };
		CAFE3D431E7DB36B0066F527 /* ViewController.m */ = {isa = PBXFileReference; lastKnownFileType = sourcecode.c.objc; path = ViewController.m; sourceTree = "<group>"; };
		CAFE3D461E7DB36B0066F527 /* Base */ = {isa = PBXFileReference; lastKnownFileType = file.storyboard; name = Base; path = Base.lproj/Main.storyboard; sourceTree = "<group>"; };
		CAFE3D481E7DB36B0066F527 /* Assets.xcassets */ = {isa = PBXFileReference; lastKnownFileType = folder.assetcatalog; path = Assets.xcassets; sourceTree = "<group>"; };
		CAFE3D4B1E7DB36B0066F527 /* Base */ = {isa = PBXFileReference; lastKnownFileType = file.storyboard; name = Base; path = Base.lproj/LaunchScreen.storyboard; sourceTree = "<group>"; };
		CAFE3D4D1E7DB36B0066F527 /* Info.plist */ = {isa = PBXFileReference; lastKnownFileType = text.plist.xml; path = Info.plist; sourceTree = "<group>"; };
		CAFE3D521E7DB36B0066F527 /* GamePortalTests.xctest */ = {isa = PBXFileReference; explicitFileType = wrapper.cfbundle; includeInIndex = 0; path = GamePortalTests.xctest; sourceTree = BUILT_PRODUCTS_DIR; };
		CAFE3D561E7DB36B0066F527 /* GamePortalTests.m */ = {isa = PBXFileReference; lastKnownFileType = sourcecode.c.objc; path = GamePortalTests.m; sourceTree = "<group>"; };
		CAFE3D581E7DB36B0066F527 /* Info.plist */ = {isa = PBXFileReference; lastKnownFileType = text.plist.xml; path = Info.plist; sourceTree = "<group>"; };
		CAFE3D5D1E7DB36B0066F527 /* GamePortalUITests.xctest */ = {isa = PBXFileReference; explicitFileType = wrapper.cfbundle; includeInIndex = 0; path = GamePortalUITests.xctest; sourceTree = BUILT_PRODUCTS_DIR; };
		CAFE3D611E7DB36B0066F527 /* GamePortalUITests.m */ = {isa = PBXFileReference; lastKnownFileType = sourcecode.c.objc; path = GamePortalUITests.m; sourceTree = "<group>"; };
		CAFE3D631E7DB36B0066F527 /* Info.plist */ = {isa = PBXFileReference; lastKnownFileType = text.plist.xml; path = Info.plist; sourceTree = "<group>"; };
		CAFE3D6F1E7DC2DF0066F527 /* GameViewController.h */ = {isa = PBXFileReference; fileEncoding = 4; lastKnownFileType = sourcecode.c.h; path = GameViewController.h; sourceTree = "<group>"; };
		CAFE3D701E7DC2DF0066F527 /* GameViewController.m */ = {isa = PBXFileReference; fileEncoding = 4; lastKnownFileType = sourcecode.c.objc; path = GameViewController.m; sourceTree = "<group>"; };
/* End PBXFileReference section */

/* Begin PBXFrameworksBuildPhase section */
		CAFE3D361E7DB36B0066F527 /* Frameworks */ = {
			isa = PBXFrameworksBuildPhase;
			buildActionMask = 2147483647;
			files = (
				1E331612EED2407624E4D384 /* Pods_GamePortal.framework in Frameworks */,
			);
			runOnlyForDeploymentPostprocessing = 0;
		};
		CAFE3D4F1E7DB36B0066F527 /* Frameworks */ = {
			isa = PBXFrameworksBuildPhase;
			buildActionMask = 2147483647;
			files = (
				D3B7464629CE67F5A6980FD7 /* Pods_GamePortalTests.framework in Frameworks */,
			);
			runOnlyForDeploymentPostprocessing = 0;
		};
		CAFE3D5A1E7DB36B0066F527 /* Frameworks */ = {
			isa = PBXFrameworksBuildPhase;
			buildActionMask = 2147483647;
			files = (
				2949FFCF299CAB2218606C14 /* Pods_GamePortalUITests.framework in Frameworks */,
			);
			runOnlyForDeploymentPostprocessing = 0;
		};
/* End PBXFrameworksBuildPhase section */

/* Begin PBXGroup section */
		4A441F7763BAEC60BDA7D29E /* Pods */ = {
			isa = PBXGroup;
			children = (
				B6B5E691B81D1349BACBB4ED /* Pods-GamePortal.debug.xcconfig */,
				3B196087158554F1E101DE79 /* Pods-GamePortal.release.xcconfig */,
				207C42985390D1FB5AEB9A39 /* Pods-GamePortalTests.debug.xcconfig */,
				773F868CC633FDC5FA065F8E /* Pods-GamePortalTests.release.xcconfig */,
				486AC970C7A953CEECDA81AC /* Pods-GamePortalUITests.debug.xcconfig */,
				1F8ED2B8EB815F59BA6401A1 /* Pods-GamePortalUITests.release.xcconfig */,
			);
			name = Pods;
			sourceTree = "<group>";
		};
		92E9C7EF22B962B5944F99BD /* Frameworks */ = {
			isa = PBXGroup;
			children = (
				C9335ACB42D5D2AF44A15A74 /* Pods_GamePortal.framework */,
				58FCD7881248E9C9C9DC1D6C /* Pods_GamePortalTests.framework */,
				578752C207AC710B8C09EE6B /* Pods_GamePortalUITests.framework */,
			);
			name = Frameworks;
			sourceTree = "<group>";
		};
		CAFE3D301E7DB36B0066F527 = {
			isa = PBXGroup;
			children = (
				CAFE3D3B1E7DB36B0066F527 /* GamePortal */,
				CAFE3D551E7DB36B0066F527 /* GamePortalTests */,
				CAFE3D601E7DB36B0066F527 /* GamePortalUITests */,
				CAFE3D3A1E7DB36B0066F527 /* Products */,
				4A441F7763BAEC60BDA7D29E /* Pods */,
				92E9C7EF22B962B5944F99BD /* Frameworks */,
			);
			sourceTree = "<group>";
		};
		CAFE3D3A1E7DB36B0066F527 /* Products */ = {
			isa = PBXGroup;
			children = (
				CAFE3D391E7DB36B0066F527 /* GamePortal.app */,
				CAFE3D521E7DB36B0066F527 /* GamePortalTests.xctest */,
				CAFE3D5D1E7DB36B0066F527 /* GamePortalUITests.xctest */,
			);
			name = Products;
			sourceTree = "<group>";
		};
		CAFE3D3B1E7DB36B0066F527 /* GamePortal */ = {
			isa = PBXGroup;
			children = (
				CAFE3D6F1E7DC2DF0066F527 /* GameViewController.h */,
				CAFE3D701E7DC2DF0066F527 /* GameViewController.m */,
				CAFE3D3F1E7DB36B0066F527 /* AppDelegate.h */,
				CAFE3D401E7DB36B0066F527 /* AppDelegate.m */,
				CAFE3D421E7DB36B0066F527 /* ViewController.h */,
				CAFE3D431E7DB36B0066F527 /* ViewController.m */,
				CAFE3D451E7DB36B0066F527 /* Main.storyboard */,
				CAFE3D481E7DB36B0066F527 /* Assets.xcassets */,
				CAFE3D4A1E7DB36B0066F527 /* LaunchScreen.storyboard */,
				CAFE3D4D1E7DB36B0066F527 /* Info.plist */,
				CAFE3D3C1E7DB36B0066F527 /* Supporting Files */,
			);
			path = GamePortal;
			sourceTree = "<group>";
		};
		CAFE3D3C1E7DB36B0066F527 /* Supporting Files */ = {
			isa = PBXGroup;
			children = (
				CAFE3D3D1E7DB36B0066F527 /* main.m */,
			);
			name = "Supporting Files";
			sourceTree = "<group>";
		};
		CAFE3D551E7DB36B0066F527 /* GamePortalTests */ = {
			isa = PBXGroup;
			children = (
				CAFE3D561E7DB36B0066F527 /* GamePortalTests.m */,
				CAFE3D581E7DB36B0066F527 /* Info.plist */,
			);
			path = GamePortalTests;
			sourceTree = "<group>";
		};
		CAFE3D601E7DB36B0066F527 /* GamePortalUITests */ = {
			isa = PBXGroup;
			children = (
				CAFE3D611E7DB36B0066F527 /* GamePortalUITests.m */,
				CAFE3D631E7DB36B0066F527 /* Info.plist */,
			);
			path = GamePortalUITests;
			sourceTree = "<group>";
		};
/* End PBXGroup section */

/* Begin PBXNativeTarget section */
		CAFE3D381E7DB36B0066F527 /* GamePortal */ = {
			isa = PBXNativeTarget;
			buildConfigurationList = CAFE3D661E7DB36B0066F527 /* Build configuration list for PBXNativeTarget "GamePortal" */;
			buildPhases = (
				6181927E69F3176D8475F0B0 /* [CP] Check Pods Manifest.lock */,
				CAFE3D351E7DB36B0066F527 /* Sources */,
				CAFE3D361E7DB36B0066F527 /* Frameworks */,
				CAFE3D371E7DB36B0066F527 /* Resources */,
				5ADE1E13E2A6364EB959DF74 /* [CP] Embed Pods Frameworks */,
				FCE299AE651FAE6AABCE75D4 /* [CP] Copy Pods Resources */,
			);
			buildRules = (
			);
			dependencies = (
			);
			name = GamePortal;
			productName = GamePortal;
			productReference = CAFE3D391E7DB36B0066F527 /* GamePortal.app */;
			productType = "com.apple.product-type.application";
		};
		CAFE3D511E7DB36B0066F527 /* GamePortalTests */ = {
			isa = PBXNativeTarget;
			buildConfigurationList = CAFE3D691E7DB36B0066F527 /* Build configuration list for PBXNativeTarget "GamePortalTests" */;
			buildPhases = (
				8D72EDC2FD878E80D6F26E2E /* [CP] Check Pods Manifest.lock */,
				CAFE3D4E1E7DB36B0066F527 /* Sources */,
				CAFE3D4F1E7DB36B0066F527 /* Frameworks */,
				CAFE3D501E7DB36B0066F527 /* Resources */,
				94449A66E36909D1A7017952 /* [CP] Embed Pods Frameworks */,
				FE58C1156F6B80BEE0E43A42 /* [CP] Copy Pods Resources */,
			);
			buildRules = (
			);
			dependencies = (
				CAFE3D541E7DB36B0066F527 /* PBXTargetDependency */,
			);
			name = GamePortalTests;
			productName = GamePortalTests;
			productReference = CAFE3D521E7DB36B0066F527 /* GamePortalTests.xctest */;
			productType = "com.apple.product-type.bundle.unit-test";
		};
		CAFE3D5C1E7DB36B0066F527 /* GamePortalUITests */ = {
			isa = PBXNativeTarget;
			buildConfigurationList = CAFE3D6C1E7DB36B0066F527 /* Build configuration list for PBXNativeTarget "GamePortalUITests" */;
			buildPhases = (
				7DFDBD4D95A4243BE7F90570 /* [CP] Check Pods Manifest.lock */,
				CAFE3D591E7DB36B0066F527 /* Sources */,
				CAFE3D5A1E7DB36B0066F527 /* Frameworks */,
				CAFE3D5B1E7DB36B0066F527 /* Resources */,
				53F69F0B18CAF99B68987D16 /* [CP] Embed Pods Frameworks */,
				4F0B6CA5F23C09586A9D8EE3 /* [CP] Copy Pods Resources */,
			);
			buildRules = (
			);
			dependencies = (
				CAFE3D5F1E7DB36B0066F527 /* PBXTargetDependency */,
			);
			name = GamePortalUITests;
			productName = GamePortalUITests;
			productReference = CAFE3D5D1E7DB36B0066F527 /* GamePortalUITests.xctest */;
			productType = "com.apple.product-type.bundle.ui-testing";
		};
/* End PBXNativeTarget section */

/* Begin PBXProject section */
		CAFE3D311E7DB36B0066F527 /* Project object */ = {
			isa = PBXProject;
			attributes = {
				LastUpgradeCheck = 0820;
				ORGANIZATIONNAME = edu.self;
				TargetAttributes = {
					CAFE3D381E7DB36B0066F527 = {
						CreatedOnToolsVersion = 8.2.1;
						DevelopmentTeam = DXLGL27ZQ4;
						ProvisioningStyle = Automatic;
					};
					CAFE3D511E7DB36B0066F527 = {
						CreatedOnToolsVersion = 8.2.1;
						DevelopmentTeam = DXLGL27ZQ4;
						ProvisioningStyle = Automatic;
						TestTargetID = CAFE3D381E7DB36B0066F527;
					};
					CAFE3D5C1E7DB36B0066F527 = {
						CreatedOnToolsVersion = 8.2.1;
						DevelopmentTeam = DXLGL27ZQ4;
						ProvisioningStyle = Automatic;
						TestTargetID = CAFE3D381E7DB36B0066F527;
					};
				};
			};
			buildConfigurationList = CAFE3D341E7DB36B0066F527 /* Build configuration list for PBXProject "GamePortal" */;
			compatibilityVersion = "Xcode 3.2";
			developmentRegion = English;
			hasScannedForEncodings = 0;
			knownRegions = (
				en,
				Base,
			);
			mainGroup = CAFE3D301E7DB36B0066F527;
			productRefGroup = CAFE3D3A1E7DB36B0066F527 /* Products */;
			projectDirPath = "";
			projectRoot = "";
			targets = (
				CAFE3D381E7DB36B0066F527 /* GamePortal */,
				CAFE3D511E7DB36B0066F527 /* GamePortalTests */,
				CAFE3D5C1E7DB36B0066F527 /* GamePortalUITests */,
			);
		};
/* End PBXProject section */

/* Begin PBXResourcesBuildPhase section */
		CAFE3D371E7DB36B0066F527 /* Resources */ = {
			isa = PBXResourcesBuildPhase;
			buildActionMask = 2147483647;
			files = (
				CAFE3D4C1E7DB36B0066F527 /* LaunchScreen.storyboard in Resources */,
				CAFE3D491E7DB36B0066F527 /* Assets.xcassets in Resources */,
				CAFE3D471E7DB36B0066F527 /* Main.storyboard in Resources */,
			);
			runOnlyForDeploymentPostprocessing = 0;
		};
		CAFE3D501E7DB36B0066F527 /* Resources */ = {
			isa = PBXResourcesBuildPhase;
			buildActionMask = 2147483647;
			files = (
			);
			runOnlyForDeploymentPostprocessing = 0;
		};
		CAFE3D5B1E7DB36B0066F527 /* Resources */ = {
			isa = PBXResourcesBuildPhase;
			buildActionMask = 2147483647;
			files = (
			);
			runOnlyForDeploymentPostprocessing = 0;
		};
/* End PBXResourcesBuildPhase section */

/* Begin PBXShellScriptBuildPhase section */
		4F0B6CA5F23C09586A9D8EE3 /* [CP] Copy Pods Resources */ = {
			isa = PBXShellScriptBuildPhase;
			buildActionMask = 2147483647;
			files = (
			);
			inputPaths = (
			);
			name = "[CP] Copy Pods Resources";
			outputPaths = (
			);
			runOnlyForDeploymentPostprocessing = 0;
			shellPath = /bin/sh;
			shellScript = "\"${SRCROOT}/Pods/Target Support Files/Pods-GamePortalUITests/Pods-GamePortalUITests-resources.sh\"\n";
			showEnvVarsInLog = 0;
		};
		53F69F0B18CAF99B68987D16 /* [CP] Embed Pods Frameworks */ = {
			isa = PBXShellScriptBuildPhase;
			buildActionMask = 2147483647;
			files = (
			);
			inputPaths = (
			);
			name = "[CP] Embed Pods Frameworks";
			outputPaths = (
			);
			runOnlyForDeploymentPostprocessing = 0;
			shellPath = /bin/sh;
			shellScript = "\"${SRCROOT}/Pods/Target Support Files/Pods-GamePortalUITests/Pods-GamePortalUITests-frameworks.sh\"\n";
			showEnvVarsInLog = 0;
		};
		5ADE1E13E2A6364EB959DF74 /* [CP] Embed Pods Frameworks */ = {
			isa = PBXShellScriptBuildPhase;
			buildActionMask = 2147483647;
			files = (
			);
			inputPaths = (
			);
			name = "[CP] Embed Pods Frameworks";
			outputPaths = (
			);
			runOnlyForDeploymentPostprocessing = 0;
			shellPath = /bin/sh;
			shellScript = "\"${SRCROOT}/Pods/Target Support Files/Pods-GamePortal/Pods-GamePortal-frameworks.sh\"\n";
			showEnvVarsInLog = 0;
		};
		6181927E69F3176D8475F0B0 /* [CP] Check Pods Manifest.lock */ = {
			isa = PBXShellScriptBuildPhase;
			buildActionMask = 2147483647;
			files = (
			);
			inputPaths = (
			);
			name = "[CP] Check Pods Manifest.lock";
			outputPaths = (
			);
			runOnlyForDeploymentPostprocessing = 0;
			shellPath = /bin/sh;
			shellScript = "diff \"${PODS_ROOT}/../Podfile.lock\" \"${PODS_ROOT}/Manifest.lock\" > /dev/null\nif [ $? != 0 ] ; then\n    # print error to STDERR\n    echo \"error: The sandbox is not in sync with the Podfile.lock. Run 'pod install' or update your CocoaPods installation.\" >&2\n    exit 1\nfi\n";
			showEnvVarsInLog = 0;
		};
		7DFDBD4D95A4243BE7F90570 /* [CP] Check Pods Manifest.lock */ = {
			isa = PBXShellScriptBuildPhase;
			buildActionMask = 2147483647;
			files = (
			);
			inputPaths = (
			);
			name = "[CP] Check Pods Manifest.lock";
			outputPaths = (
			);
			runOnlyForDeploymentPostprocessing = 0;
			shellPath = /bin/sh;
			shellScript = "diff \"${PODS_ROOT}/../Podfile.lock\" \"${PODS_ROOT}/Manifest.lock\" > /dev/null\nif [ $? != 0 ] ; then\n    # print error to STDERR\n    echo \"error: The sandbox is not in sync with the Podfile.lock. Run 'pod install' or update your CocoaPods installation.\" >&2\n    exit 1\nfi\n";
			showEnvVarsInLog = 0;
		};
		8D72EDC2FD878E80D6F26E2E /* [CP] Check Pods Manifest.lock */ = {
			isa = PBXShellScriptBuildPhase;
			buildActionMask = 2147483647;
			files = (
			);
			inputPaths = (
			);
			name = "[CP] Check Pods Manifest.lock";
			outputPaths = (
			);
			runOnlyForDeploymentPostprocessing = 0;
			shellPath = /bin/sh;
			shellScript = "diff \"${PODS_ROOT}/../Podfile.lock\" \"${PODS_ROOT}/Manifest.lock\" > /dev/null\nif [ $? != 0 ] ; then\n    # print error to STDERR\n    echo \"error: The sandbox is not in sync with the Podfile.lock. Run 'pod install' or update your CocoaPods installation.\" >&2\n    exit 1\nfi\n";
			showEnvVarsInLog = 0;
		};
		94449A66E36909D1A7017952 /* [CP] Embed Pods Frameworks */ = {
			isa = PBXShellScriptBuildPhase;
			buildActionMask = 2147483647;
			files = (
			);
			inputPaths = (
			);
			name = "[CP] Embed Pods Frameworks";
			outputPaths = (
			);
			runOnlyForDeploymentPostprocessing = 0;
			shellPath = /bin/sh;
			shellScript = "\"${SRCROOT}/Pods/Target Support Files/Pods-GamePortalTests/Pods-GamePortalTests-frameworks.sh\"\n";
			showEnvVarsInLog = 0;
		};
		FCE299AE651FAE6AABCE75D4 /* [CP] Copy Pods Resources */ = {
			isa = PBXShellScriptBuildPhase;
			buildActionMask = 2147483647;
			files = (
			);
			inputPaths = (
			);
			name = "[CP] Copy Pods Resources";
			outputPaths = (
			);
			runOnlyForDeploymentPostprocessing = 0;
			shellPath = /bin/sh;
			shellScript = "\"${SRCROOT}/Pods/Target Support Files/Pods-GamePortal/Pods-GamePortal-resources.sh\"\n";
			showEnvVarsInLog = 0;
		};
		FE58C1156F6B80BEE0E43A42 /* [CP] Copy Pods Resources */ = {
			isa = PBXShellScriptBuildPhase;
			buildActionMask = 2147483647;
			files = (
			);
			inputPaths = (
			);
			name = "[CP] Copy Pods Resources";
			outputPaths = (
			);
			runOnlyForDeploymentPostprocessing = 0;
			shellPath = /bin/sh;
			shellScript = "\"${SRCROOT}/Pods/Target Support Files/Pods-GamePortalTests/Pods-GamePortalTests-resources.sh\"\n";
			showEnvVarsInLog = 0;
		};
/* End PBXShellScriptBuildPhase section */

/* Begin PBXSourcesBuildPhase section */
		CAFE3D351E7DB36B0066F527 /* Sources */ = {
			isa = PBXSourcesBuildPhase;
			buildActionMask = 2147483647;
			files = (
				CAFE3D711E7DC2DF0066F527 /* GameViewController.m in Sources */,
				CAFE3D441E7DB36B0066F527 /* ViewController.m in Sources */,
				CAFE3D411E7DB36B0066F527 /* AppDelegate.m in Sources */,
				CAFE3D3E1E7DB36B0066F527 /* main.m in Sources */,
			);
			runOnlyForDeploymentPostprocessing = 0;
		};
		CAFE3D4E1E7DB36B0066F527 /* Sources */ = {
			isa = PBXSourcesBuildPhase;
			buildActionMask = 2147483647;
			files = (
				CAFE3D571E7DB36B0066F527 /* GamePortalTests.m in Sources */,
			);
			runOnlyForDeploymentPostprocessing = 0;
		};
		CAFE3D591E7DB36B0066F527 /* Sources */ = {
			isa = PBXSourcesBuildPhase;
			buildActionMask = 2147483647;
			files = (
				CAFE3D621E7DB36B0066F527 /* GamePortalUITests.m in Sources */,
			);
			runOnlyForDeploymentPostprocessing = 0;
		};
/* End PBXSourcesBuildPhase section */

/* Begin PBXTargetDependency section */
		CAFE3D541E7DB36B0066F527 /* PBXTargetDependency */ = {
			isa = PBXTargetDependency;
			target = CAFE3D381E7DB36B0066F527 /* GamePortal */;
			targetProxy = CAFE3D531E7DB36B0066F527 /* PBXContainerItemProxy */;
		};
		CAFE3D5F1E7DB36B0066F527 /* PBXTargetDependency */ = {
			isa = PBXTargetDependency;
			target = CAFE3D381E7DB36B0066F527 /* GamePortal */;
			targetProxy = CAFE3D5E1E7DB36B0066F527 /* PBXContainerItemProxy */;
		};
/* End PBXTargetDependency section */

/* Begin PBXVariantGroup section */
		CAFE3D451E7DB36B0066F527 /* Main.storyboard */ = {
			isa = PBXVariantGroup;
			children = (
				CAFE3D461E7DB36B0066F527 /* Base */,
			);
			name = Main.storyboard;
			sourceTree = "<group>";
		};
		CAFE3D4A1E7DB36B0066F527 /* LaunchScreen.storyboard */ = {
			isa = PBXVariantGroup;
			children = (
				CAFE3D4B1E7DB36B0066F527 /* Base */,
			);
			name = LaunchScreen.storyboard;
			sourceTree = "<group>";
		};
/* End PBXVariantGroup section */

/* Begin XCBuildConfiguration section */
		CAFE3D641E7DB36B0066F527 /* Debug */ = {
			isa = XCBuildConfiguration;
			buildSettings = {
				ALWAYS_SEARCH_USER_PATHS = NO;
				CLANG_ANALYZER_NONNULL = YES;
				CLANG_CXX_LANGUAGE_STANDARD = "gnu++0x";
				CLANG_CXX_LIBRARY = "libc++";
				CLANG_ENABLE_MODULES = YES;
				CLANG_ENABLE_OBJC_ARC = YES;
				CLANG_WARN_BOOL_CONVERSION = YES;
				CLANG_WARN_CONSTANT_CONVERSION = YES;
				CLANG_WARN_DIRECT_OBJC_ISA_USAGE = YES_ERROR;
				CLANG_WARN_DOCUMENTATION_COMMENTS = YES;
				CLANG_WARN_EMPTY_BODY = YES;
				CLANG_WARN_ENUM_CONVERSION = YES;
				CLANG_WARN_INFINITE_RECURSION = YES;
				CLANG_WARN_INT_CONVERSION = YES;
				CLANG_WARN_OBJC_ROOT_CLASS = YES_ERROR;
				CLANG_WARN_SUSPICIOUS_MOVE = YES;
				CLANG_WARN_UNREACHABLE_CODE = YES;
				CLANG_WARN__DUPLICATE_METHOD_MATCH = YES;
				"CODE_SIGN_IDENTITY[sdk=iphoneos*]" = "iPhone Developer";
				COPY_PHASE_STRIP = NO;
				DEBUG_INFORMATION_FORMAT = dwarf;
				ENABLE_STRICT_OBJC_MSGSEND = YES;
				ENABLE_TESTABILITY = YES;
				GCC_C_LANGUAGE_STANDARD = gnu99;
				GCC_DYNAMIC_NO_PIC = NO;
				GCC_NO_COMMON_BLOCKS = YES;
				GCC_OPTIMIZATION_LEVEL = 0;
				GCC_PREPROCESSOR_DEFINITIONS = (
					"DEBUG=1",
					"$(inherited)",
				);
				GCC_WARN_64_TO_32_BIT_CONVERSION = YES;
				GCC_WARN_ABOUT_RETURN_TYPE = YES_ERROR;
				GCC_WARN_UNDECLARED_SELECTOR = YES;
				GCC_WARN_UNINITIALIZED_AUTOS = YES_AGGRESSIVE;
				GCC_WARN_UNUSED_FUNCTION = YES;
				GCC_WARN_UNUSED_VARIABLE = YES;
				IPHONEOS_DEPLOYMENT_TARGET = 10.2;
				MTL_ENABLE_DEBUG_INFO = YES;
				ONLY_ACTIVE_ARCH = YES;
				SDKROOT = iphoneos;
				TARGETED_DEVICE_FAMILY = "1,2";
			};
			name = Debug;
		};
		CAFE3D651E7DB36B0066F527 /* Release */ = {
			isa = XCBuildConfiguration;
			buildSettings = {
				ALWAYS_SEARCH_USER_PATHS = NO;
				CLANG_ANALYZER_NONNULL = YES;
				CLANG_CXX_LANGUAGE_STANDARD = "gnu++0x";
				CLANG_CXX_LIBRARY = "libc++";
				CLANG_ENABLE_MODULES = YES;
				CLANG_ENABLE_OBJC_ARC = YES;
				CLANG_WARN_BOOL_CONVERSION = YES;
				CLANG_WARN_CONSTANT_CONVERSION = YES;
				CLANG_WARN_DIRECT_OBJC_ISA_USAGE = YES_ERROR;
				CLANG_WARN_DOCUMENTATION_COMMENTS = YES;
				CLANG_WARN_EMPTY_BODY = YES;
				CLANG_WARN_ENUM_CONVERSION = YES;
				CLANG_WARN_INFINITE_RECURSION = YES;
				CLANG_WARN_INT_CONVERSION = YES;
				CLANG_WARN_OBJC_ROOT_CLASS = YES_ERROR;
				CLANG_WARN_SUSPICIOUS_MOVE = YES;
				CLANG_WARN_UNREACHABLE_CODE = YES;
				CLANG_WARN__DUPLICATE_METHOD_MATCH = YES;
				"CODE_SIGN_IDENTITY[sdk=iphoneos*]" = "iPhone Developer";
				COPY_PHASE_STRIP = NO;
				DEBUG_INFORMATION_FORMAT = "dwarf-with-dsym";
				ENABLE_NS_ASSERTIONS = NO;
				ENABLE_STRICT_OBJC_MSGSEND = YES;
				GCC_C_LANGUAGE_STANDARD = gnu99;
				GCC_NO_COMMON_BLOCKS = YES;
				GCC_WARN_64_TO_32_BIT_CONVERSION = YES;
				GCC_WARN_ABOUT_RETURN_TYPE = YES_ERROR;
				GCC_WARN_UNDECLARED_SELECTOR = YES;
				GCC_WARN_UNINITIALIZED_AUTOS = YES_AGGRESSIVE;
				GCC_WARN_UNUSED_FUNCTION = YES;
				GCC_WARN_UNUSED_VARIABLE = YES;
				IPHONEOS_DEPLOYMENT_TARGET = 10.2;
				MTL_ENABLE_DEBUG_INFO = NO;
				SDKROOT = iphoneos;
				TARGETED_DEVICE_FAMILY = "1,2";
				VALIDATE_PRODUCT = YES;
			};
			name = Release;
		};
		CAFE3D671E7DB36B0066F527 /* Debug */ = {
			isa = XCBuildConfiguration;
			baseConfigurationReference = B6B5E691B81D1349BACBB4ED /* Pods-GamePortal.debug.xcconfig */;
			buildSettings = {
				ASSETCATALOG_COMPILER_APPICON_NAME = AppIcon;
				DEVELOPMENT_TEAM = DXLGL27ZQ4;
				INFOPLIST_FILE = GamePortal/Info.plist;
				LD_RUNPATH_SEARCH_PATHS = "$(inherited) @executable_path/Frameworks";
				PRODUCT_BUNDLE_IDENTIFIER = Hong.GamePortal;
				PRODUCT_NAME = "$(TARGET_NAME)";
			};
			name = Debug;
		};
		CAFE3D681E7DB36B0066F527 /* Release */ = {
			isa = XCBuildConfiguration;
			baseConfigurationReference = 3B196087158554F1E101DE79 /* Pods-GamePortal.release.xcconfig */;
			buildSettings = {
				ASSETCATALOG_COMPILER_APPICON_NAME = AppIcon;
				DEVELOPMENT_TEAM = DXLGL27ZQ4;
				INFOPLIST_FILE = GamePortal/Info.plist;
				LD_RUNPATH_SEARCH_PATHS = "$(inherited) @executable_path/Frameworks";
				PRODUCT_BUNDLE_IDENTIFIER = Hong.GamePortal;
				PRODUCT_NAME = "$(TARGET_NAME)";
			};
			name = Release;
		};
		CAFE3D6A1E7DB36B0066F527 /* Debug */ = {
			isa = XCBuildConfiguration;
			baseConfigurationReference = 207C42985390D1FB5AEB9A39 /* Pods-GamePortalTests.debug.xcconfig */;
			buildSettings = {
				BUNDLE_LOADER = "$(TEST_HOST)";
				DEVELOPMENT_TEAM = DXLGL27ZQ4;
				INFOPLIST_FILE = GamePortalTests/Info.plist;
				LD_RUNPATH_SEARCH_PATHS = "$(inherited) @executable_path/Frameworks @loader_path/Frameworks";
				PRODUCT_BUNDLE_IDENTIFIER = Hong.GamePortalTests;
				PRODUCT_NAME = "$(TARGET_NAME)";
				TEST_HOST = "$(BUILT_PRODUCTS_DIR)/GamePortal.app/GamePortal";
			};
			name = Debug;
		};
		CAFE3D6B1E7DB36B0066F527 /* Release */ = {
			isa = XCBuildConfiguration;
			baseConfigurationReference = 773F868CC633FDC5FA065F8E /* Pods-GamePortalTests.release.xcconfig */;
			buildSettings = {
				BUNDLE_LOADER = "$(TEST_HOST)";
				DEVELOPMENT_TEAM = DXLGL27ZQ4;
				INFOPLIST_FILE = GamePortalTests/Info.plist;
				LD_RUNPATH_SEARCH_PATHS = "$(inherited) @executable_path/Frameworks @loader_path/Frameworks";
				PRODUCT_BUNDLE_IDENTIFIER = Hong.GamePortalTests;
				PRODUCT_NAME = "$(TARGET_NAME)";
				TEST_HOST = "$(BUILT_PRODUCTS_DIR)/GamePortal.app/GamePortal";
			};
			name = Release;
		};
		CAFE3D6D1E7DB36B0066F527 /* Debug */ = {
			isa = XCBuildConfiguration;
			baseConfigurationReference = 486AC970C7A953CEECDA81AC /* Pods-GamePortalUITests.debug.xcconfig */;
			buildSettings = {
				DEVELOPMENT_TEAM = DXLGL27ZQ4;
				INFOPLIST_FILE = GamePortalUITests/Info.plist;
				LD_RUNPATH_SEARCH_PATHS = "$(inherited) @executable_path/Frameworks @loader_path/Frameworks";
				PRODUCT_BUNDLE_IDENTIFIER = Hong.GamePortalUITests;
				PRODUCT_NAME = "$(TARGET_NAME)";
				TEST_TARGET_NAME = GamePortal;
			};
			name = Debug;
		};
		CAFE3D6E1E7DB36B0066F527 /* Release */ = {
			isa = XCBuildConfiguration;
			baseConfigurationReference = 1F8ED2B8EB815F59BA6401A1 /* Pods-GamePortalUITests.release.xcconfig */;
			buildSettings = {
				DEVELOPMENT_TEAM = DXLGL27ZQ4;
				INFOPLIST_FILE = GamePortalUITests/Info.plist;
				LD_RUNPATH_SEARCH_PATHS = "$(inherited) @executable_path/Frameworks @loader_path/Frameworks";
				PRODUCT_BUNDLE_IDENTIFIER = Hong.GamePortalUITests;
				PRODUCT_NAME = "$(TARGET_NAME)";
				TEST_TARGET_NAME = GamePortal;
			};
			name = Release;
		};
/* End XCBuildConfiguration section */

/* Begin XCConfigurationList section */
		CAFE3D341E7DB36B0066F527 /* Build configuration list for PBXProject "GamePortal" */ = {
			isa = XCConfigurationList;
			buildConfigurations = (
				CAFE3D641E7DB36B0066F527 /* Debug */,
				CAFE3D651E7DB36B0066F527 /* Release */,
			);
			defaultConfigurationIsVisible = 0;
			defaultConfigurationName = Release;
		};
		CAFE3D661E7DB36B0066F527 /* Build configuration list for PBXNativeTarget "GamePortal" */ = {
			isa = XCConfigurationList;
			buildConfigurations = (
				CAFE3D671E7DB36B0066F527 /* Debug */,
				CAFE3D681E7DB36B0066F527 /* Release */,
			);
			defaultConfigurationIsVisible = 0;
			defaultConfigurationName = Release;
		};
		CAFE3D691E7DB36B0066F527 /* Build configuration list for PBXNativeTarget "GamePortalTests" */ = {
			isa = XCConfigurationList;
			buildConfigurations = (
				CAFE3D6A1E7DB36B0066F527 /* Debug */,
				CAFE3D6B1E7DB36B0066F527 /* Release */,
			);
			defaultConfigurationIsVisible = 0;
			defaultConfigurationName = Release;
		};
		CAFE3D6C1E7DB36B0066F527 /* Build configuration list for PBXNativeTarget "GamePortalUITests" */ = {
			isa = XCConfigurationList;
			buildConfigurations = (
				CAFE3D6D1E7DB36B0066F527 /* Debug */,
				CAFE3D6E1E7DB36B0066F527 /* Release */,
			);
			defaultConfigurationIsVisible = 0;
			defaultConfigurationName = Release;
		};
/* End XCConfigurationList section */
	};
	rootObject = CAFE3D311E7DB36B0066F527 /* Project object */;
}
